# This file is automatically @generated by Poetry and should not be changed by hand.

[[package]]
name = "sqlglot"
version = "10.4.3"
description = "An easily customizable SQL parser and transpiler"
category = "main"
optional = false
python-versions = "*"
files = [
    {file = "sqlglot-10.4.3-py3-none-any.whl", hash = "sha256:ede97e7dbbfcbc37df9c0c7bc8c2776c0144912fc6445a698e4c2bf40408cb12"},
    {file = "sqlglot-10.4.3.tar.gz", hash = "sha256:e0187ef241de736977f5ff6d8f77112774a44d135f821debed3ae3dbc6ddc332"},
]

[package.extras]
dev = ["autoflake", "black", "duckdb", "isort", "mypy", "pandas", "pdoc", "pre-commit", "pyspark", "python-dateutil"]

[metadata]
lock-version = "2.0"
python-versions = "^3.9"
content-hash = "73f9067a5065830538db970b7ad4415db64a61c8ce1fa8e623ae3e560e52103c"
